// !$*UTF8*$!
{
	archiveVersion = 1;
	classes = {
	};
	objectVersion = 50;
	objects = {

/* Begin PBXBuildFile section */
		A27744F2246FF3B50079126C /* AppDelegate.swift in Sources */ = {isa = PBXBuildFile; fileRef = A27744F1246FF3B50079126C /* AppDelegate.swift */; };
		A27744F4246FF3B50079126C /* SceneDelegate.swift in Sources */ = {isa = PBXBuildFile; fileRef = A27744F3246FF3B50079126C /* SceneDelegate.swift */; };
		A27744F7246FF3B50079126C /* SoulsView.xcdatamodeld in Sources */ = {isa = PBXBuildFile; fileRef = A27744F5246FF3B50079126C /* SoulsView.xcdatamodeld */; };
		A27744F9246FF3B50079126C /* ContentView.swift in Sources */ = {isa = PBXBuildFile; fileRef = A27744F8246FF3B50079126C /* ContentView.swift */; };
		A27744FB246FF3B60079126C /* Assets.xcassets in Resources */ = {isa = PBXBuildFile; fileRef = A27744FA246FF3B60079126C /* Assets.xcassets */; };
		A27744FE246FF3B60079126C /* Preview Assets.xcassets in Resources */ = {isa = PBXBuildFile; fileRef = A27744FD246FF3B60079126C /* Preview Assets.xcassets */; };
		A2774501246FF3B60079126C /* LaunchScreen.storyboard in Resources */ = {isa = PBXBuildFile; fileRef = A27744FF246FF3B60079126C /* LaunchScreen.storyboard */; };
		A2774509246FFA310079126C /* OptimusPrinceps.ttf in Resources */ = {isa = PBXBuildFile; fileRef = A2774508246FFA310079126C /* OptimusPrinceps.ttf */; };
		A277450D246FFE130079126C /* CharacterView.swift in Sources */ = {isa = PBXBuildFile; fileRef = A277450C246FFE130079126C /* CharacterView.swift */; };
		A277450F247062880079126C /* DataStore.swift in Sources */ = {isa = PBXBuildFile; fileRef = A277450E247062880079126C /* DataStore.swift */; };
		A27745112470672D0079126C /* CharacterListView.swift in Sources */ = {isa = PBXBuildFile; fileRef = A27745102470672D0079126C /* CharacterListView.swift */; };
/* End PBXBuildFile section */

/* Begin PBXFileReference section */
		A27744EE246FF3B50079126C /* SoulsView.app */ = {isa = PBXFileReference; explicitFileType = wrapper.application; includeInIndex = 0; path = SoulsView.app; sourceTree = BUILT_PRODUCTS_DIR; };
		A27744F1246FF3B50079126C /* AppDelegate.swift */ = {isa = PBXFileReference; lastKnownFileType = sourcecode.swift; path = AppDelegate.swift; sourceTree = "<group>"; };
		A27744F3246FF3B50079126C /* SceneDelegate.swift */ = {isa = PBXFileReference; lastKnownFileType = sourcecode.swift; path = SceneDelegate.swift; sourceTree = "<group>"; };
		A27744F6246FF3B50079126C /* SoulsView.xcdatamodel */ = {isa = PBXFileReference; lastKnownFileType = wrapper.xcdatamodel; path = SoulsView.xcdatamodel; sourceTree = "<group>"; };
		A27744F8246FF3B50079126C /* ContentView.swift */ = {isa = PBXFileReference; lastKnownFileType = sourcecode.swift; path = ContentView.swift; sourceTree = "<group>"; };
		A27744FA246FF3B60079126C /* Assets.xcassets */ = {isa = PBXFileReference; lastKnownFileType = folder.assetcatalog; path = Assets.xcassets; sourceTree = "<group>"; };
		A27744FD246FF3B60079126C /* Preview Assets.xcassets */ = {isa = PBXFileReference; lastKnownFileType = folder.assetcatalog; path = "Preview Assets.xcassets"; sourceTree = "<group>"; };
		A2774500246FF3B60079126C /* Base */ = {isa = PBXFileReference; lastKnownFileType = file.storyboard; name = Base; path = Base.lproj/LaunchScreen.storyboard; sourceTree = "<group>"; };
		A2774502246FF3B60079126C /* Info.plist */ = {isa = PBXFileReference; lastKnownFileType = text.plist.xml; path = Info.plist; sourceTree = "<group>"; };
		A2774508246FFA310079126C /* OptimusPrinceps.ttf */ = {isa = PBXFileReference; lastKnownFileType = file; name = OptimusPrinceps.ttf; path = ../../../../../../../../Downloads/optimusprinceps/OptimusPrinceps.ttf; sourceTree = "<group>"; };
		A277450C246FFE130079126C /* CharacterView.swift */ = {isa = PBXFileReference; lastKnownFileType = sourcecode.swift; path = CharacterView.swift; sourceTree = "<group>"; };
		A277450E247062880079126C /* DataStore.swift */ = {isa = PBXFileReference; lastKnownFileType = sourcecode.swift; path = DataStore.swift; sourceTree = "<group>"; };
		A27745102470672D0079126C /* CharacterListView.swift */ = {isa = PBXFileReference; lastKnownFileType = sourcecode.swift; path = CharacterListView.swift; sourceTree = "<group>"; };
/* End PBXFileReference section */

/* Begin PBXFrameworksBuildPhase section */
		A27744EB246FF3B50079126C /* Frameworks */ = {
			isa = PBXFrameworksBuildPhase;
			buildActionMask = 2147483647;
			files = (
			);
			runOnlyForDeploymentPostprocessing = 0;
		};
/* End PBXFrameworksBuildPhase section */

/* Begin PBXGroup section */
		A27744E5246FF3B50079126C = {
			isa = PBXGroup;
			children = (
				A27744F0246FF3B50079126C /* SoulsView */,
				A27744EF246FF3B50079126C /* Products */,
			);
			sourceTree = "<group>";
		};
		A27744EF246FF3B50079126C /* Products */ = {
			isa = PBXGroup;
			children = (
				A27744EE246FF3B50079126C /* SoulsView.app */,
			);
			name = Products;
			sourceTree = "<group>";
		};
		A27744F0246FF3B50079126C /* SoulsView */ = {
			isa = PBXGroup;
			children = (
				A27744F1246FF3B50079126C /* AppDelegate.swift */,
				A27744F3246FF3B50079126C /* SceneDelegate.swift */,
				A27744F8246FF3B50079126C /* ContentView.swift */,
				A277450C246FFE130079126C /* CharacterView.swift */,
				A27745102470672D0079126C /* CharacterListView.swift */,
				A277450E247062880079126C /* DataStore.swift */,
				A27744FA246FF3B60079126C /* Assets.xcassets */,
				A27744FF246FF3B60079126C /* LaunchScreen.storyboard */,
				A2774502246FF3B60079126C /* Info.plist */,
				A27744F5246FF3B50079126C /* SoulsView.xcdatamodeld */,
				A2774508246FFA310079126C /* OptimusPrinceps.ttf */,
				A27744FC246FF3B60079126C /* Preview Content */,
			);
			path = SoulsView;
			sourceTree = "<group>";
		};
		A27744FC246FF3B60079126C /* Preview Content */ = {
			isa = PBXGroup;
			children = (
				A27744FD246FF3B60079126C /* Preview Assets.xcassets */,
			);
			path = "Preview Content";
			sourceTree = "<group>";
		};
/* End PBXGroup section */

/* Begin PBXNativeTarget section */
		A27744ED246FF3B50079126C /* SoulsView */ = {
			isa = PBXNativeTarget;
			buildConfigurationList = A2774505246FF3B60079126C /* Build configuration list for PBXNativeTarget "SoulsView" */;
			buildPhases = (
				A27744EA246FF3B50079126C /* Sources */,
				A27744EB246FF3B50079126C /* Frameworks */,
				A27744EC246FF3B50079126C /* Resources */,
			);
			buildRules = (
			);
			dependencies = (
			);
			name = SoulsView;
			productName = SoulsView;
			productReference = A27744EE246FF3B50079126C /* SoulsView.app */;
			productType = "com.apple.product-type.application";
		};
/* End PBXNativeTarget section */

/* Begin PBXProject section */
		A27744E6246FF3B50079126C /* Project object */ = {
			isa = PBXProject;
			attributes = {
				LastSwiftUpdateCheck = 1140;
				LastUpgradeCheck = 1140;
				ORGANIZATIONNAME = "Mikolaj Witkowski";
				TargetAttributes = {
					A27744ED246FF3B50079126C = {
						CreatedOnToolsVersion = 11.4.1;
					};
				};
			};
			buildConfigurationList = A27744E9246FF3B50079126C /* Build configuration list for PBXProject "SoulsView" */;
			compatibilityVersion = "Xcode 9.3";
			developmentRegion = en;
			hasScannedForEncodings = 0;
			knownRegions = (
				en,
				Base,
			);
			mainGroup = A27744E5246FF3B50079126C;
			productRefGroup = A27744EF246FF3B50079126C /* Products */;
			projectDirPath = "";
			projectRoot = "";
			targets = (
				A27744ED246FF3B50079126C /* SoulsView */,
			);
		};
/* End PBXProject section */

/* Begin PBXResourcesBuildPhase section */
		A27744EC246FF3B50079126C /* Resources */ = {
			isa = PBXResourcesBuildPhase;
			buildActionMask = 2147483647;
			files = (
				A2774509246FFA310079126C /* OptimusPrinceps.ttf in Resources */,
				A2774501246FF3B60079126C /* LaunchScreen.storyboard in Resources */,
				A27744FE246FF3B60079126C /* Preview Assets.xcassets in Resources */,
				A27744FB246FF3B60079126C /* Assets.xcassets in Resources */,
			);
			runOnlyForDeploymentPostprocessing = 0;
		};
/* End PBXResourcesBuildPhase section */

/* Begin PBXSourcesBuildPhase section */
		A27744EA246FF3B50079126C /* Sources */ = {
			isa = PBXSourcesBuildPhase;
			buildActionMask = 2147483647;
			files = (
				A277450F247062880079126C /* DataStore.swift in Sources */,
				A277450D246FFE130079126C /* CharacterView.swift in Sources */,
				A27744F2246FF3B50079126C /* AppDelegate.swift in Sources */,
				A27744F4246FF3B50079126C /* SceneDelegate.swift in Sources */,
				A27744F9246FF3B50079126C /* ContentView.swift in Sources */,
				A27745112470672D0079126C /* CharacterListView.swift in Sources */,
				A27744F7246FF3B50079126C /* SoulsView.xcdatamodeld in Sources */,
			);
			runOnlyForDeploymentPostprocessing = 0;
		};
/* End PBXSourcesBuildPhase section */

/* Begin PBXVariantGroup section */
		A27744FF246FF3B60079126C /* LaunchScreen.storyboard */ = {
			isa = PBXVariantGroup;
			children = (
				A2774500246FF3B60079126C /* Base */,
			);
			name = LaunchScreen.storyboard;
			sourceTree = "<group>";
		};
/* End PBXVariantGroup section */

/* Begin XCBuildConfiguration section */
		A2774503246FF3B60079126C /* Debug */ = {
			isa = XCBuildConfiguration;
			buildSettings = {
				ALWAYS_SEARCH_USER_PATHS = NO;
				CLANG_ANALYZER_NONNULL = YES;
				CLANG_ANALYZER_NUMBER_OBJECT_CONVERSION = YES_AGGRESSIVE;
				CLANG_CXX_LANGUAGE_STANDARD = "gnu++14";
				CLANG_CXX_LIBRARY = "libc++";
				CLANG_ENABLE_MODULES = YES;
				CLANG_ENABLE_OBJC_ARC = YES;
				CLANG_ENABLE_OBJC_WEAK = YES;
				CLANG_WARN_BLOCK_CAPTURE_AUTORELEASING = YES;
				CLANG_WARN_BOOL_CONVERSION = YES;
				CLANG_WARN_COMMA = YES;
				CLANG_WARN_CONSTANT_CONVERSION = YES;
				CLANG_WARN_DEPRECATED_OBJC_IMPLEMENTATIONS = YES;
				CLANG_WARN_DIRECT_OBJC_ISA_USAGE = YES_ERROR;
				CLANG_WARN_DOCUMENTATION_COMMENTS = YES;
				CLANG_WARN_EMPTY_BODY = YES;
				CLANG_WARN_ENUM_CONVERSION = YES;
				CLANG_WARN_INFINITE_RECURSION = YES;
				CLANG_WARN_INT_CONVERSION = YES;
				CLANG_WARN_NON_LITERAL_NULL_CONVERSION = YES;
				CLANG_WARN_OBJC_IMPLICIT_RETAIN_SELF = YES;
				CLANG_WARN_OBJC_LITERAL_CONVERSION = YES;
				CLANG_WARN_OBJC_ROOT_CLASS = YES_ERROR;
				CLANG_WARN_RANGE_LOOP_ANALYSIS = YES;
				CLANG_WARN_STRICT_PROTOTYPES = YES;
				CLANG_WARN_SUSPICIOUS_MOVE = YES;
				CLANG_WARN_UNGUARDED_AVAILABILITY = YES_AGGRESSIVE;
				CLANG_WARN_UNREACHABLE_CODE = YES;
				CLANG_WARN__DUPLICATE_METHOD_MATCH = YES;
				COPY_PHASE_STRIP = NO;
				DEBUG_INFORMATION_FORMAT = dwarf;
				ENABLE_STRICT_OBJC_MSGSEND = YES;
				ENABLE_TESTABILITY = YES;
				GCC_C_LANGUAGE_STANDARD = gnu11;
				GCC_DYNAMIC_NO_PIC = NO;
				GCC_NO_COMMON_BLOCKS = YES;
				GCC_OPTIMIZATION_LEVEL = 0;
				GCC_PREPROCESSOR_DEFINITIONS = (
					"DEBUG=1",
					"$(inherited)",
				);
				GCC_WARN_64_TO_32_BIT_CONVERSION = YES;
				GCC_WARN_ABOUT_RETURN_TYPE = YES_ERROR;
				GCC_WARN_UNDECLARED_SELECTOR = YES;
				GCC_WARN_UNINITIALIZED_AUTOS = YES_AGGRESSIVE;
				GCC_WARN_UNUSED_FUNCTION = YES;
				GCC_WARN_UNUSED_VARIABLE = YES;
				IPHONEOS_DEPLOYMENT_TARGET = 13.4;
				MTL_ENABLE_DEBUG_INFO = INCLUDE_SOURCE;
				MTL_FAST_MATH = YES;
				ONLY_ACTIVE_ARCH = YES;
				SDKROOT = iphoneos;
				SWIFT_ACTIVE_COMPILATION_CONDITIONS = DEBUG;
				SWIFT_OPTIMIZATION_LEVEL = "-Onone";
			};
			name = Debug;
		};
		A2774504246FF3B60079126C /* Release */ = {
			isa = XCBuildConfiguration;
			buildSettings = {
				ALWAYS_SEARCH_USER_PATHS = NO;
				CLANG_ANALYZER_NONNULL = YES;
				CLANG_ANALYZER_NUMBER_OBJECT_CONVERSION = YES_AGGRESSIVE;
				CLANG_CXX_LANGUAGE_STANDARD = "gnu++14";
				CLANG_CXX_LIBRARY = "libc++";
				CLANG_ENABLE_MODULES = YES;
				CLANG_ENABLE_OBJC_ARC = YES;
				CLANG_ENABLE_OBJC_WEAK = YES;
				CLANG_WARN_BLOCK_CAPTURE_AUTORELEASING = YES;
				CLANG_WARN_BOOL_CONVERSION = YES;
				CLANG_WARN_COMMA = YES;
				CLANG_WARN_CONSTANT_CONVERSION = YES;
				CLANG_WARN_DEPRECATED_OBJC_IMPLEMENTATIONS = YES;
				CLANG_WARN_DIRECT_OBJC_ISA_USAGE = YES_ERROR;
				CLANG_WARN_DOCUMENTATION_COMMENTS = YES;
				CLANG_WARN_EMPTY_BODY = YES;
				CLANG_WARN_ENUM_CONVERSION = YES;
				CLANG_WARN_INFINITE_RECURSION = YES;
				CLANG_WARN_INT_CONVERSION = YES;
				CLANG_WARN_NON_LITERAL_NULL_CONVERSION = YES;
				CLANG_WARN_OBJC_IMPLICIT_RETAIN_SELF = YES;
				CLANG_WARN_OBJC_LITERAL_CONVERSION = YES;
				CLANG_WARN_OBJC_ROOT_CLASS = YES_ERROR;
				CLANG_WARN_RANGE_LOOP_ANALYSIS = YES;
				CLANG_WARN_STRICT_PROTOTYPES = YES;
				CLANG_WARN_SUSPICIOUS_MOVE = YES;
				CLANG_WARN_UNGUARDED_AVAILABILITY = YES_AGGRESSIVE;
				CLANG_WARN_UNREACHABLE_CODE = YES;
				CLANG_WARN__DUPLICATE_METHOD_MATCH = YES;
				COPY_PHASE_STRIP = NO;
				DEBUG_INFORMATION_FORMAT = "dwarf-with-dsym";
				ENABLE_NS_ASSERTIONS = NO;
				ENABLE_STRICT_OBJC_MSGSEND = YES;
				GCC_C_LANGUAGE_STANDARD = gnu11;
				GCC_NO_COMMON_BLOCKS = YES;
				GCC_WARN_64_TO_32_BIT_CONVERSION = YES;
				GCC_WARN_ABOUT_RETURN_TYPE = YES_ERROR;
				GCC_WARN_UNDECLARED_SELECTOR = YES;
				GCC_WARN_UNINITIALIZED_AUTOS = YES_AGGRESSIVE;
				GCC_WARN_UNUSED_FUNCTION = YES;
				GCC_WARN_UNUSED_VARIABLE = YES;
				IPHONEOS_DEPLOYMENT_TARGET = 13.4;
				MTL_ENABLE_DEBUG_INFO = NO;
				MTL_FAST_MATH = YES;
				SDKROOT = iphoneos;
				SWIFT_COMPILATION_MODE = wholemodule;
				SWIFT_OPTIMIZATION_LEVEL = "-O";
				VALIDATE_PRODUCT = YES;
			};
			name = Release;
		};
		A2774506246FF3B60079126C /* Debug */ = {
			isa = XCBuildConfiguration;
			buildSettings = {
				ASSETCATALOG_COMPILER_APPICON_NAME = AppIcon;
				CODE_SIGN_STYLE = Automatic;
				DEVELOPMENT_ASSET_PATHS = "\"SoulsView/Preview Content\"";
				DEVELOPMENT_TEAM = U2CCFGXM76;
				ENABLE_PREVIEWS = YES;
				INFOPLIST_FILE = SoulsView/Info.plist;
				LD_RUNPATH_SEARCH_PATHS = (
					"$(inherited)",
					"@executable_path/Frameworks",
				);
				PRODUCT_BUNDLE_IDENTIFIER = com.mikolajwitkowski.SoulsView;
				PRODUCT_NAME = "$(TARGET_NAME)";
				SWIFT_VERSION = 5.0;
				TARGETED_DEVICE_FAMILY = 2;
			};
			name = Debug;
		};
		A2774507246FF3B60079126C /* Release */ = {
			isa = XCBuildConfiguration;
			buildSettings = {
				ASSETCATALOG_COMPILER_APPICON_NAME = AppIcon;
				CODE_SIGN_STYLE = Automatic;
				DEVELOPMENT_ASSET_PATHS = "\"SoulsView/Preview Content\"";
				DEVELOPMENT_TEAM = U2CCFGXM76;
				ENABLE_PREVIEWS = YES;
				INFOPLIST_FILE = SoulsView/Info.plist;
				LD_RUNPATH_SEARCH_PATHS = (
					"$(inherited)",
					"@executable_path/Frameworks",
				);
				PRODUCT_BUNDLE_IDENTIFIER = com.mikolajwitkowski.SoulsView;
				PRODUCT_NAME = "$(TARGET_NAME)";
				SWIFT_VERSION = 5.0;
				TARGETED_DEVICE_FAMILY = 2;
			};
			name = Release;
		};
/* End XCBuildConfiguration section */

/* Begin XCConfigurationList section */
		A27744E9246FF3B50079126C /* Build configuration list for PBXProject "SoulsView" */ = {
			isa = XCConfigurationList;
			buildConfigurations = (
				A2774503246FF3B60079126C /* Debug */,
				A2774504246FF3B60079126C /* Release */,
			);
			defaultConfigurationIsVisible = 0;
			defaultConfigurationName = Release;
		};
		A2774505246FF3B60079126C /* Build configuration list for PBXNativeTarget "SoulsView" */ = {
			isa = XCConfigurationList;
			buildConfigurations = (
				A2774506246FF3B60079126C /* Debug */,
				A2774507246FF3B60079126C /* Release */,
			);
			defaultConfigurationIsVisible = 0;
			defaultConfigurationName = Release;
		};
/* End XCConfigurationList section */

/* Begin XCVersionGroup section */
		A27744F5246FF3B50079126C /* SoulsView.xcdatamodeld */ = {
			isa = XCVersionGroup;
			children = (
				A27744F6246FF3B50079126C /* SoulsView.xcdatamodel */,
			);
			currentVersion = A27744F6246FF3B50079126C /* SoulsView.xcdatamodel */;
			path = SoulsView.xcdatamodeld;
			sourceTree = "<group>";
			versionGroupType = wrapper.xcdatamodel;
		};
/* End XCVersionGroup section */
	};
	rootObject = A27744E6246FF3B50079126C /* Project object */;
}
